# THIS IS AN AUTOGENERATED FILE. DO NOT EDIT THIS FILE DIRECTLY.
# yarn lockfile v1


camelize@1.0.0:
  version "1.0.0"
  resolved "https://registry.yarnpkg.com/camelize/-/camelize-1.0.0.tgz#164a5483e630fa4321e5af07020e531831b2609b"
  integrity sha1-FkpUg+Yw+kMh5a8HAg5TGDGyYJs=

connect@3.6.5:
  version "3.6.5"
  resolved "https://registry.yarnpkg.com/connect/-/connect-3.6.5.tgz#fb8dde7ba0763877d0ec9df9dac0b4b40e72c7da"
  integrity sha1-+43ee6B2OHfQ7J352sC0tA5yx9o=
  dependencies:
    debug "2.6.9"
    finalhandler "1.0.6"
    parseurl "~1.3.2"
    utils-merge "1.0.1"

content-security-policy-builder@1.1.0:
  version "1.1.0"
  resolved "https://registry.yarnpkg.com/content-security-policy-builder/-/content-security-policy-builder-1.1.0.tgz#d91f1b076236c119850c7dee9924bf55e05772b3"
  integrity sha1-2R8bB2I2wRmFDH3umSS/VeBXcrM=
  dependencies:
    dashify "^0.2.0"

dasherize@2.0.0:
  version "2.0.0"
  resolved "https://registry.yarnpkg.com/dasherize/-/dasherize-2.0.0.tgz#6d809c9cd0cf7bb8952d80fc84fa13d47ddb1308"
  integrity sha1-bYCcnNDPe7iVLYD8hPoT1H3bEwg=

dashify@^0.2.0:
  version "0.2.2"
  resolved "https://registry.yarnpkg.com/dashify/-/dashify-0.2.2.tgz#6a07415a01c91faf4a32e38d9dfba71f61cb20fe"
  integrity sha1-agdBWgHJH69KMuONnfunH2HLIP4=

debug@2.6.9:
  version "2.6.9"
  resolved "https://registry.yarnpkg.com/debug/-/debug-2.6.9.tgz#5d128515df134ff327e90a4c93f4e077a536341f"
  integrity sha512-bC7ElrdJaJnPbAP+1EotYvqZsb3ecl5wi6Bfi6BJTUcNowp6cvspg0jXznRTKDjm/E7AdgFBVeAPVMNcKGsHMA==
  dependencies:
    ms "2.0.0"

dns-prefetch-control@0.1.0:
  version "0.1.0"
  resolved "https://registry.yarnpkg.com/dns-prefetch-control/-/dns-prefetch-control-0.1.0.tgz#60ddb457774e178f1f9415f0cabb0e85b0b300b2"
  integrity sha1-YN20V3dOF48flBXwyrsOhbCzALI=

dont-sniff-mimetype@1.0.0:
  version "1.0.0"
  resolved "https://registry.yarnpkg.com/dont-sniff-mimetype/-/dont-sniff-mimetype-1.0.0.tgz#5932890dc9f4e2f19e5eb02a20026e5e5efc8f58"
  integrity sha1-WTKJDcn04vGeXrAqIAJuXl78j1g=

ee-first@1.1.1:
  version "1.1.1"
  resolved "https://registry.yarnpkg.com/ee-first/-/ee-first-1.1.1.tgz#590c61156b0ae2f4f0255732a158b266bc56b21d"
  integrity sha1-WQxhFWsK4vTwJVcyoViyZrxWsh0=

encodeurl@~1.0.1:
  version "1.0.2"
  resolved "https://registry.yarnpkg.com/encodeurl/-/encodeurl-1.0.2.tgz#ad3ff4c86ec2d029322f5a02c3a9a606c95b3f59"
  integrity sha1-rT/0yG7C0CkyL1oCw6mmBslbP1k=

escape-html@~1.0.3:
  version "1.0.3"
  resolved "https://registry.yarnpkg.com/escape-html/-/escape-html-1.0.3.tgz#0258eae4d3d0c0974de1c169188ef0051d1d1988"
  integrity sha1-Aljq5NPQwJdN4cFpGI7wBR0dGYg=

expect-ct@0.1.0:
  version "0.1.0"
  resolved "https://registry.yarnpkg.com/expect-ct/-/expect-ct-0.1.0.tgz#52735678de18530890d8d7b95f0ac63640958094"
  integrity sha1-UnNWeN4YUwiQ2Ne5XwrGNkCVgJQ=

finalhandler@1.0.6:
  version "1.0.6"
  resolved "https://registry.yarnpkg.com/finalhandler/-/finalhandler-1.0.6.tgz#007aea33d1a4d3e42017f624848ad58d212f814f"
  integrity sha1-AHrqM9Gk0+QgF/YkhIrVjSEvgU8=
  dependencies:
    debug "2.6.9"
    encodeurl "~1.0.1"
    escape-html "~1.0.3"
    on-finished "~2.3.0"
    parseurl "~1.3.2"
    statuses "~1.3.1"
    unpipe "~1.0.0"

frameguard@3.0.0:
  version "3.0.0"
  resolved "https://registry.yarnpkg.com/frameguard/-/frameguard-3.0.0.tgz#7bcad469ee7b96e91d12ceb3959c78235a9272e9"
  integrity sha1-e8rUae57lukdEs6zlZx4I1qScuk=

helmet-csp@2.5.1:
  version "2.5.1"
  resolved "https://registry.yarnpkg.com/helmet-csp/-/helmet-csp-2.5.1.tgz#5f3deec8f922fa7e074dbc3987c168a50573c36d"
  integrity sha512-PLLch8wVcVF2+ViTtSGHIvXqQVjcwGRtBwrNPggC+j28J7eSoPHxbJBr9SvLgh9V3HZa0C1zZFZ6gYVLIrPD0Q==
  dependencies:
    camelize "1.0.0"
    content-security-policy-builder "1.1.0"
    dasherize "2.0.0"
    lodash.reduce "4.6.0"
    platform "1.3.4"

helmet@3.8.2:
  version "3.8.2"
  resolved "https://registry.yarnpkg.com/helmet/-/helmet-3.8.2.tgz#64f988b8e9d8773ad201da455b8b6a754c229aaa"
  integrity sha512-JMxSuCPSYgzOIlb19clar2XFuoGR0hv6VGgMEY2oyP9ZuHCZYPPBCbVGFA8holYQOshf7tAETRi5bsGQPYFb1g==
  dependencies:
    connect "3.6.5"
    dns-prefetch-control "0.1.0"
    dont-sniff-mimetype "1.0.0"
    expect-ct "0.1.0"
    frameguard "3.0.0"
    helmet-csp "2.5.1"
    hide-powered-by "1.0.0"
    hpkp "2.0.0"
    hsts "2.1.0"
    ienoopen "1.0.0"
    nocache "2.0.0"
    referrer-policy "1.1.0"
    x-xss-protection "1.0.0"

hide-powered-by@1.0.0:
  version "1.0.0"
  resolved "https://registry.yarnpkg.com/hide-powered-by/-/hide-powered-by-1.0.0.tgz#4a85ad65881f62857fc70af7174a1184dccce32b"
  integrity sha1-SoWtZYgfYoV/xwr3F0oRhNzM4ys=

hpkp@2.0.0:
  version "2.0.0"
  resolved "https://registry.yarnpkg.com/hpkp/-/hpkp-2.0.0.tgz#10e142264e76215a5d30c44ec43de64dee6d1672"
  integrity sha1-EOFCJk52IVpdMMROxD3mTe5tFnI=

hsts@2.1.0:
  version "2.1.0"
  resolved "https://registry.yarnpkg.com/hsts/-/hsts-2.1.0.tgz#cbd6c918a2385fee1dd5680bfb2b3a194c0121cc"
  integrity sha512-zXhh/DqgrTXJ7erTN6Fh5k/xjMhDGXCqdYN3wvxUvGUQvnxcFfUd8E+6vLg/nk3ss1TYMb+DhRl25fYABioTvA==

ienoopen@1.0.0:
  version "1.0.0"
  resolved "https://registry.yarnpkg.com/ienoopen/-/ienoopen-1.0.0.tgz#346a428f474aac8f50cf3784ea2d0f16f62bda6b"
  integrity sha1-NGpCj0dKrI9QzzeE6i0PFvYr2ms=

lodash.reduce@4.6.0:
  version "4.6.0"
  resolved "https://registry.yarnpkg.com/lodash.reduce/-/lodash.reduce-4.6.0.tgz#f1ab6b839299ad48f784abbf476596f03b914d3b"
  integrity sha1-8atrg5KZrUj3hKu/R2WW8DuRTTs=

ms@2.0.0:
  version "2.0.0"
  resolved "https://registry.yarnpkg.com/ms/-/ms-2.0.0.tgz#5608aeadfc00be6c2901df5f9861788de0d597c8"
  integrity sha1-VgiurfwAvmwpAd9fmGF4jeDVl8g=

nocache@2.0.0:
  version "2.0.0"
  resolved "https://registry.yarnpkg.com/nocache/-/nocache-2.0.0.tgz#202b48021a0c4cbde2df80de15a17443c8b43980"
  integrity sha1-ICtIAhoMTL3i34DeFaF0Q8i0OYA=

on-finished@~2.3.0:
  version "2.3.0"
  resolved "https://registry.yarnpkg.com/on-finished/-/on-finished-2.3.0.tgz#20f1336481b083cd75337992a16971aa2d906947"
  integrity sha1-IPEzZIGwg811M3mSoWlxqi2QaUc=
  dependencies:
    ee-first "1.1.1"

parseurl@~1.3.2:
  version "1.3.3"
  resolved "https://registry.yarnpkg.com/parseurl/-/parseurl-1.3.3.tgz#9da19e7bee8d12dff0513ed5b76957793bc2e8d4"
  integrity sha512-CiyeOxFT/JZyN5m0z9PfXw4SCBJ6Sygz1Dpl0wqjlhDEGGBP1GnsUVEL0p63hoG1fcj3fHynXi9NYO4nWOL+qQ==

platform@1.3.4:
  version "1.3.4"
  resolved "https://registry.yarnpkg.com/platform/-/platform-1.3.4.tgz#6f0fb17edaaa48f21442b3a975c063130f1c3ebd"
  integrity sha1-bw+xftqqSPIUQrOpdcBjEw8cPr0=

referrer-policy@1.1.0:
  version "1.1.0"
  resolved "https://registry.yarnpkg.com/referrer-policy/-/referrer-policy-1.1.0.tgz#35774eb735bf50fb6c078e83334b472350207d79"
  integrity sha1-NXdOtzW/UPtsB46DM0tHI1AgfXk=

statuses@~1.3.1:
  version "1.3.1"
  resolved "https://registry.yarnpkg.com/statuses/-/statuses-1.3.1.tgz#faf51b9eb74aaef3b3acf4ad5f61abf24cb7b93e"
  integrity sha1-+vUbnrdKrvOzrPStX2Gr8ky3uT4=

unpipe@~1.0.0:
  version "1.0.0"
  resolved "https://registry.yarnpkg.com/unpipe/-/unpipe-1.0.0.tgz#b2bf4ee8514aae6165b4817829d21b2ef49904ec"
  integrity sha1-sr9O6FFKrmFltIF4KdIbLvSZBOw=

utils-merge@1.0.1:
  version "1.0.1"
  resolved "https://registry.yarnpkg.com/utils-merge/-/utils-merge-1.0.1.tgz#9f95710f50a267947b2ccc124741c1028427e713"
  integrity sha1-n5VxD1CiZ5R7LMwSR0HBAoQn5xM=

x-xss-protection@1.0.0:
  version "1.0.0"
  resolved "https://registry.yarnpkg.com/x-xss-protection/-/x-xss-protection-1.0.0.tgz#898afb93869b24661cf9c52f9ee8db8ed0764dd9"
  integrity sha1-iYr7k4abJGYc+cUvnujbjtB2Tdk=
